
Microsoft Visual Studio Solution File, Format Version 12.00
# Visual Studio 15
Project("{FAE04EC0-301F-11D3-BF4B-00C04F79EFBC}") = "Unity.Timeline", "Unity.Timeline.csproj", "{B157A14A-DABB-9B21-E0DC-7A4844DF7679}"
EndProject
Project("{FAE04EC0-301F-11D3-BF4B-00C04F79EFBC}") = "Unity.RenderPipelines.GPUDriven.Runtime", "Unity.RenderPipelines.GPUDriven.Runtime.csproj", "{F75A7659-E871-198C-2921-691FD9F01CBD}"
EndProject
Project("{FAE04EC0-301F-11D3-BF4B-00C04F79EFBC}") = "Unity.PlasticSCM.Editor", "Unity.PlasticSCM.Editor.csproj", "{E66D9839-9B58-C382-7713-E8CEF072DD10}"
EndProject
Project("{FAE04EC0-301F-11D3-BF4B-00C04F79EFBC}") = "Unity.2D.Aseprite.Editor", "Unity.2D.Aseprite.Editor.csproj", "{6AAB6F89-428F-8312-A0B0-3442AB99800A}"
EndProject
Project("{FAE04EC0-301F-11D3-BF4B-00C04F79EFBC}") = "Unity.ShaderGraph.Editor", "Unity.ShaderGraph.Editor.csproj", "{932D9068-584D-F9A9-B712-45EBF7082817}"
EndProject
Project("{FAE04EC0-301F-11D3-BF4B-00C04F79EFBC}") = "Unity.RenderPipelines.Core.Runtime", "Unity.RenderPipelines.Core.Runtime.csproj", "{0EF74B21-FCA5-97C2-3009-D19BF8490DCF}"
EndProject
Project("{FAE04EC0-301F-11D3-BF4B-00C04F79EFBC}") = "MerryYellow.CodeAssist.Editor", "MerryYellow.CodeAssist.Editor.csproj", "{1EA11F7B-68F1-0EF0-3273-0F9385A103CB}"
EndProject
Project("{FAE04EC0-301F-11D3-BF4B-00C04F79EFBC}") = "Unity.Mathematics", "Unity.Mathematics.csproj", "{492B9DF8-7FD8-2322-3493-5013B306B82D}"
EndProject
Project("{FAE04EC0-301F-11D3-BF4B-00C04F79EFBC}") = "Unity.Timeline.Editor", "Unity.Timeline.Editor.csproj", "{FFA7BEA9-15BB-61A0-D83A-E5E4A9F28FA0}"
EndProject
Project("{FAE04EC0-301F-11D3-BF4B-00C04F79EFBC}") = "Unity.Multiplayer.Center.Editor", "Unity.Multiplayer.Center.Editor.csproj", "{526D23B8-3880-F778-04FF-969F95AEEE7E}"
EndProject
Project("{FAE04EC0-301F-11D3-BF4B-00C04F79EFBC}") = "Unity.RenderPipelines.Core.Editor", "Unity.RenderPipelines.Core.Editor.csproj", "{637AFD5E-A443-E767-8834-77A739A0A2D0}"
EndProject
Project("{FAE04EC0-301F-11D3-BF4B-00C04F79EFBC}") = "Unity.2D.Psdimporter.Editor", "Unity.2D.Psdimporter.Editor.csproj", "{E3857B35-DF15-0EEE-A668-CBFE56BB14BD}"
EndProject
Project("{FAE04EC0-301F-11D3-BF4B-00C04F79EFBC}") = "UnityEngine.UI", "UnityEngine.UI.csproj", "{AB2B258A-07A6-184B-B578-193CC147F4C4}"
EndProject
Project("{FAE04EC0-301F-11D3-BF4B-00C04F79EFBC}") = "Unity.2D.IK.Runtime", "Unity.2D.IK.Runtime.csproj", "{39864DBE-44B5-B86B-ADC0-026523A53703}"
EndProject
Project("{FAE04EC0-301F-11D3-BF4B-00C04F79EFBC}") = "Unity.RenderPipelines.Universal.2D.Runtime", "Unity.RenderPipelines.Universal.2D.Runtime.csproj", "{F3757A0E-824D-7286-F853-33B74E46C16F}"
EndProject
Project("{FAE04EC0-301F-11D3-BF4B-00C04F79EFBC}") = "Unity.Collections", "Unity.Collections.csproj", "{2197FAD2-BD55-D979-AA28-E6BCE3CB3580}"
EndProject
Project("{FAE04EC0-301F-11D3-BF4B-00C04F79EFBC}") = "Unity.VisualScripting.Core.Editor", "Unity.VisualScripting.Core.Editor.csproj", "{111D1652-688E-9F23-BBDA-178567FE9F1A}"
EndProject
Project("{FAE04EC0-301F-11D3-BF4B-00C04F79EFBC}") = "Unity.RenderPipelines.Universal.Editor", "Unity.RenderPipelines.Universal.Editor.csproj", "{A683CD71-2C33-EF49-0397-C23E3F49EECB}"
EndProject
Project("{FAE04EC0-301F-11D3-BF4B-00C04F79EFBC}") = "Unity.PerformanceTesting.Editor", "Unity.PerformanceTesting.Editor.csproj", "{B2132ECB-0FBE-4857-9DF2-BC1921269C59}"
EndProject
Project("{FAE04EC0-301F-11D3-BF4B-00C04F79EFBC}") = "UnityEngine.TestRunner", "UnityEngine.TestRunner.csproj", "{81FBEF70-7763-B229-A6EF-4A5E726A1791}"
EndProject
Project("{FAE04EC0-301F-11D3-BF4B-00C04F79EFBC}") = "Unity.2D.Tilemap.Editor", "Unity.2D.Tilemap.Editor.csproj", "{B99BC0FF-C7A6-2D6D-4BFD-37E758A0609B}"
EndProject
Project("{FAE04EC0-301F-11D3-BF4B-00C04F79EFBC}") = "Unity.Burst", "Unity.Burst.csproj", "{336F0785-E439-5F3B-E597-1AFD8DDCD7CD}"
EndProject
Project("{FAE04EC0-301F-11D3-BF4B-00C04F79EFBC}") = "Unity.VisualScripting.Flow.Editor", "Unity.VisualScripting.Flow.Editor.csproj", "{EBEFFE47-7A1B-E474-F0FE-D6389B9AC342}"
EndProject
Project("{FAE04EC0-301F-11D3-BF4B-00C04F79EFBC}") = "Unity.2D.SpriteShape.Editor", "Unity.2D.SpriteShape.Editor.csproj", "{25A3EFA4-F8F7-7FAE-96A1-CEC1301CF52E}"
EndProject
Project("{FAE04EC0-301F-11D3-BF4B-00C04F79EFBC}") = "Unity.VisualStudio.Editor", "Unity.VisualStudio.Editor.csproj", "{C145834F-4758-AD3A-AAC8-0CD6636D13B4}"
EndProject
Project("{FAE04EC0-301F-11D3-BF4B-00C04F79EFBC}") = "Unity.InputSystem", "Unity.InputSystem.csproj", "{33448387-1ADA-D476-99AE-C4377DA5E211}"
EndProject
Project("{FAE04EC0-301F-11D3-BF4B-00C04F79EFBC}") = "PPv2URPConverters", "PPv2URPConverters.csproj", "{C03EE24D-38FA-C233-6FE7-5D032047849A}"
EndProject
Project("{FAE04EC0-301F-11D3-BF4B-00C04F79EFBC}") = "Unity.2D.Animation.Editor", "Unity.2D.Animation.Editor.csproj", "{BB58194C-65D1-1DBA-0378-E814DA0C69CA}"
EndProject
Project("{FAE04EC0-301F-11D3-BF4B-00C04F79EFBC}") = "Unity.Searcher.Editor", "Unity.Searcher.Editor.csproj", "{AF96AACE-0BEC-6ECF-8B89-9B9456C8B399}"
EndProject
Project("{FAE04EC0-301F-11D3-BF4B-00C04F79EFBC}") = "Unity.2D.SpriteShape.Runtime", "Unity.2D.SpriteShape.Runtime.csproj", "{CF7B509D-828D-03C1-2770-8A624C6F043C}"
EndProject
Project("{FAE04EC0-301F-11D3-BF4B-00C04F79EFBC}") = "UnityEditor.TestRunner", "UnityEditor.TestRunner.csproj", "{2FA63E2A-772E-8620-1C4B-3638B869F57D}"
EndProject
Project("{FAE04EC0-301F-11D3-BF4B-00C04F79EFBC}") = "Unity.VisualScripting.Core", "Unity.VisualScripting.Core.csproj", "{E5BF7C85-FB81-85D9-6C5B-7E490425405F}"
EndProject
Project("{FAE04EC0-301F-11D3-BF4B-00C04F79EFBC}") = "Unity.RenderPipelines.Universal.Runtime", "Unity.RenderPipelines.Universal.Runtime.csproj", "{558DD467-1804-FC0E-76A3-1DA21B632385}"
EndProject
Project("{FAE04EC0-301F-11D3-BF4B-00C04F79EFBC}") = "Unity.UnifiedRayTracing.Runtime", "Unity.UnifiedRayTracing.Runtime.csproj", "{C375F3B2-3ACF-65AD-A3A0-E04505B63A16}"
EndProject
Project("{FAE04EC0-301F-11D3-BF4B-00C04F79EFBC}") = "Unity.VisualScripting.State.Editor", "Unity.VisualScripting.State.Editor.csproj", "{5EA9E791-A6A7-170E-CF4B-C87DBB3EDEC3}"
EndProject
Project("{FAE04EC0-301F-11D3-BF4B-00C04F79EFBC}") = "Unity.Burst.CodeGen", "Unity.Burst.CodeGen.csproj", "{EDECF8AE-E5F3-3D44-18DC-8A54F44F371A}"
EndProject
Project("{FAE04EC0-301F-11D3-BF4B-00C04F79EFBC}") = "Unity.VisualScripting.Flow", "Unity.VisualScripting.Flow.csproj", "{8D2DC8FA-0C06-0629-96EF-EBF90200FD28}"
EndProject
Project("{FAE04EC0-301F-11D3-BF4B-00C04F79EFBC}") = "Unity.PerformanceTesting", "Unity.PerformanceTesting.csproj", "{E0815E0D-9C5F-559C-28AF-CD9A0311D0BA}"
EndProject
Project("{FAE04EC0-301F-11D3-BF4B-00C04F79EFBC}") = "Unity.2D.Tilemap.Extras.Editor", "Unity.2D.Tilemap.Extras.Editor.csproj", "{68A9D541-CAED-2E29-E6C8-73903ABA5867}"
EndProject
Project("{FAE04EC0-301F-11D3-BF4B-00C04F79EFBC}") = "Unity.TextMeshPro", "Unity.TextMeshPro.csproj", "{2A2FF6D6-6499-394F-17D1-F0DB1354D930}"
EndProject
Project("{FAE04EC0-301F-11D3-BF4B-00C04F79EFBC}") = "Unity.TextMeshPro.Editor", "Unity.TextMeshPro.Editor.csproj", "{AA333318-BA5E-5625-EE67-692D102378BF}"
EndProject
Project("{FAE04EC0-301F-11D3-BF4B-00C04F79EFBC}") = "PsdPlugin", "PsdPlugin.csproj", "{B507378C-8431-D44E-4953-8B4BC2668B5B}"
EndProject
Project("{FAE04EC0-301F-11D3-BF4B-00C04F79EFBC}") = "Unity.2D.IK.Editor", "Unity.2D.IK.Editor.csproj", "{1132F424-8C7B-27C6-F43B-A3C87327A23D}"
EndProject
Project("{FAE04EC0-301F-11D3-BF4B-00C04F79EFBC}") = "Unity.InternalAPIEngineBridge.001", "Unity.InternalAPIEngineBridge.001.csproj", "{4140863E-3D84-7BC8-70CE-6AB7A786FEDB}"
EndProject
Project("{FAE04EC0-301F-11D3-BF4B-00C04F79EFBC}") = "Unity.Burst.Editor", "Unity.Burst.Editor.csproj", "{2FEDD584-95B1-4247-6B7F-445C7A1B7FA1}"
EndProject
Project("{FAE04EC0-301F-11D3-BF4B-00C04F79EFBC}") = "Unity.2D.Common.Path.Editor", "Unity.2D.Common.Path.Editor.csproj", "{B04D6E54-8A98-BA16-FB89-C00DD8A8D298}"
EndProject
Project("{FAE04EC0-301F-11D3-BF4B-00C04F79EFBC}") = "Unity.2D.Common.Editor", "Unity.2D.Common.Editor.csproj", "{DA857E97-AE6C-01BA-281E-BD2AA55FFDEA}"
EndProject
Project("{FAE04EC0-301F-11D3-BF4B-00C04F79EFBC}") = "ScriptablePacker", "ScriptablePacker.csproj", "{97A36EBA-FB7B-D1D5-6E0E-64C3ACA10FCE}"
EndProject
Project("{FAE04EC0-301F-11D3-BF4B-00C04F79EFBC}") = "Unity.Rider.Editor", "Unity.Rider.Editor.csproj", "{801430FB-97D8-14C0-CF69-0D6AF2363377}"
EndProject
Project("{FAE04EC0-301F-11D3-BF4B-00C04F79EFBC}") = "Unity.2D.Tooling.Editor", "Unity.2D.Tooling.Editor.csproj", "{25DB8212-8603-A4DB-2262-5BF74940558F}"
EndProject
Project("{FAE04EC0-301F-11D3-BF4B-00C04F79EFBC}") = "Unity.VisualScripting.State", "Unity.VisualScripting.State.csproj", "{B5AF875E-D7FA-6EC9-BB99-9832D1C9CE3A}"
EndProject
Project("{FAE04EC0-301F-11D3-BF4B-00C04F79EFBC}") = "Unity.InternalAPIEditorBridge.001", "Unity.InternalAPIEditorBridge.001.csproj", "{631175D6-6420-7427-C569-013DA88F288B}"
EndProject
Project("{FAE04EC0-301F-11D3-BF4B-00C04F79EFBC}") = "UnityEditor.UI", "UnityEditor.UI.csproj", "{D13EF547-9927-ED85-C49F-08B93F85AA96}"
EndProject
Project("{FAE04EC0-301F-11D3-BF4B-00C04F79EFBC}") = "Unity.RenderPipelines.Universal.2D.Editor.Overrides", "Unity.RenderPipelines.Universal.2D.Editor.Overrides.csproj", "{B785EC7C-1BE6-DDD7-063C-8D0FBF7C57CB}"
EndProject
Project("{FAE04EC0-301F-11D3-BF4B-00C04F79EFBC}") = "Unity.2D.Sprite.Editor", "Unity.2D.Sprite.Editor.csproj", "{154D5775-CA52-1F04-5D07-6F8047EA35B8}"
EndProject
Project("{FAE04EC0-301F-11D3-BF4B-00C04F79EFBC}") = "Unity.Multiplayer.Center.Common", "Unity.Multiplayer.Center.Common.csproj", "{C5A93A66-B3AE-BA9C-E3F3-44ED085D0CDA}"
EndProject
Project("{FAE04EC0-301F-11D3-BF4B-00C04F79EFBC}") = "Unity.InputSystem.ForUI", "Unity.InputSystem.ForUI.csproj", "{035CA92E-675B-6AAD-D5CF-17C93C679AF3}"
EndProject
Project("{FAE04EC0-301F-11D3-BF4B-00C04F79EFBC}") = "Unity.Collections.CodeGen", "Unity.Collections.CodeGen.csproj", "{7ADDC347-1E8F-A573-2891-8DC7B90437C1}"
EndProject
Project("{FAE04EC0-301F-11D3-BF4B-00C04F79EFBC}") = "Unity.2D.Tilemap.Extras", "Unity.2D.Tilemap.Extras.csproj", "{9E959751-9DDE-0C7A-4EC9-A3DFD756029C}"
EndProject
Project("{FAE04EC0-301F-11D3-BF4B-00C04F79EFBC}") = "Unity.2D.Animation.Runtime", "Unity.2D.Animation.Runtime.csproj", "{50C5754D-80F6-19B1-9126-7E9961A9DF4B}"
EndProject
Project("{FAE04EC0-301F-11D3-BF4B-00C04F79EFBC}") = "Unity.Mathematics.Editor", "Unity.Mathematics.Editor.csproj", "{59085EE1-54CF-6C78-A92B-FCBCEA696602}"
EndProject
Project("{FAE04EC0-301F-11D3-BF4B-00C04F79EFBC}") = "Unity.VisualScripting.SettingsProvider.Editor", "Unity.VisualScripting.SettingsProvider.Editor.csproj", "{21607A01-AB30-000F-C2BD-666865AE343B}"
EndProject
Project("{FAE04EC0-301F-11D3-BF4B-00C04F79EFBC}") = "UnityEditor.UI.Analytics", "UnityEditor.UI.Analytics.csproj", "{F8227202-F1EE-2C25-B1A8-4062FD8156DF}"
EndProject
Project("{FAE04EC0-301F-11D3-BF4B-00C04F79EFBC}") = "Unity.2D.Common.Runtime", "Unity.2D.Common.Runtime.csproj", "{9AE4F78A-864B-C853-0A0B-2AEED57CB85F}"
EndProject
Project("{FAE04EC0-301F-11D3-BF4B-00C04F79EFBC}") = "Unity.InputSystem.TestFramework", "Unity.InputSystem.TestFramework.csproj", "{B4258504-E130-9606-98F7-6538F7C4C125}"
EndProject
Project("{FAE04EC0-301F-11D3-BF4B-00C04F79EFBC}") = "Unity.ShaderGraph.Utilities", "Unity.ShaderGraph.Utilities.csproj", "{B9D83C05-A79D-CAC8-8EF7-13C54A2C5310}"
EndProject
Project("{FAE04EC0-301F-11D3-BF4B-00C04F79EFBC}") = "Unity.VisualScripting.Shared.Editor", "Unity.VisualScripting.Shared.Editor.csproj", "{9EFD44FF-47B7-4A81-9460-DF93EDF88BF2}"
EndProject
Project("{FAE04EC0-301F-11D3-BF4B-00C04F79EFBC}") = "Unity.2D.Aseprite.Common", "Unity.2D.Aseprite.Common.csproj", "{39AE64BF-4073-1E53-B1FF-073D57F52316}"
EndProject
Project("{FAE04EC0-301F-11D3-BF4B-00C04F79EFBC}") = "Assembly-CSharp", "Assembly-CSharp.csproj", "{C8B2BEF9-D150-8B0E-7325-49555C6F99C0}"
EndProject
Project("{FAE04EC0-301F-11D3-BF4B-00C04F79EFBC}") = "Unity.CollabProxy.Editor", "Unity.CollabProxy.Editor.csproj", "{82DBB8C5-CB35-2713-4DC3-D402909CF22C}"
EndProject
Project("{FAE04EC0-301F-11D3-BF4B-00C04F79EFBC}") = "Unity.RenderPipeline.Universal.ShaderLibrary", "Unity.RenderPipeline.Universal.ShaderLibrary.csproj", "{C2061D3E-9BE0-239C-BA1E-8DED94C1CB61}"
EndProject
Project("{FAE04EC0-301F-11D3-BF4B-00C04F79EFBC}") = "Unity.InputSystem.DocCodeSamples", "Unity.InputSystem.DocCodeSamples.csproj", "{7B9830DC-5EF4-5F8B-CD52-A20A12C0255F}"
EndProject
Project("{FAE04EC0-301F-11D3-BF4B-00C04F79EFBC}") = "Unity.RenderPipelines.Universal.Shaders", "Unity.RenderPipelines.Universal.Shaders.csproj", "{CF729FA6-CA52-5EA7-B3C4-6A47DFC99C71}"
EndProject
Project("{FAE04EC0-301F-11D3-BF4B-00C04F79EFBC}") = "Unity.RenderPipelines.Core.Runtime.Shared", "Unity.RenderPipelines.Core.Runtime.Shared.csproj", "{8011A38D-5D07-DA48-B6A0-2835B949DDA4}"
EndProject
Project("{FAE04EC0-301F-11D3-BF4B-00C04F79EFBC}") = "Unity.InternalAPIEngineBridge.004", "Unity.InternalAPIEngineBridge.004.csproj", "{41A4B405-D65E-1B67-ABEC-1EB681D6EDFE}"
EndProject
Project("{FAE04EC0-301F-11D3-BF4B-00C04F79EFBC}") = "Unity.RenderPipelines.Core.Editor.Shared", "Unity.RenderPipelines.Core.Editor.Shared.csproj", "{07141C80-9EDC-7607-47BE-696F6A5A1DE4}"
EndProject
Project("{FAE04EC0-301F-11D3-BF4B-00C04F79EFBC}") = "Unity.VisualScripting.DocCodeExamples", "Unity.VisualScripting.DocCodeExamples.csproj", "{45F25996-C7BA-BB5B-D611-16D6155951A9}"
EndProject
Project("{FAE04EC0-301F-11D3-BF4B-00C04F79EFBC}") = "Unity.PlasticSCM.Editor.Entities", "Unity.PlasticSCM.Editor.Entities.csproj", "{C16D718C-089A-2FF7-FFBE-9520854AB8A5}"
EndProject
Project("{FAE04EC0-301F-11D3-BF4B-00C04F79EFBC}") = "Unity.Rendering.LightTransport.Editor", "Unity.Rendering.LightTransport.Editor.csproj", "{17F37AFD-D410-001C-44EC-B9A254DA8CE0}"
EndProject
Project("{FAE04EC0-301F-11D3-BF4B-00C04F79EFBC}") = "Unity.Collections.Editor", "Unity.Collections.Editor.csproj", "{A267DD3D-3283-C816-1FAF-3AFFBB3D0170}"
EndProject
Project("{FAE04EC0-301F-11D3-BF4B-00C04F79EFBC}") = "Unity.RenderPipelines.Universal.Config.Runtime", "Unity.RenderPipelines.Universal.Config.Runtime.csproj", "{A433F8EC-1D8F-FC9A-6D52-D3336703184E}"
EndProject
Project("{FAE04EC0-301F-11D3-BF4B-00C04F79EFBC}") = "Unity.RenderPipelines.ShaderGraph.ShaderGraphLibrary", "Unity.RenderPipelines.ShaderGraph.ShaderGraphLibrary.csproj", "{334C0C63-4449-8065-F2F8-5BDAE070288A}"
EndProject
Project("{FAE04EC0-301F-11D3-BF4B-00C04F79EFBC}") = "Unity.RenderPipelines.Core.ShaderLibrary", "Unity.RenderPipelines.Core.ShaderLibrary.csproj", "{AA4ABABB-F954-ABFD-21BF-87FBD8BDC062}"
EndProject
Project("{FAE04EC0-301F-11D3-BF4B-00C04F79EFBC}") = "Unity.Timeline", "Unity.Timeline.Player.csproj", "{DA14167B-177F-2B09-3304-64A8D40595DC}"
EndProject
Project("{FAE04EC0-301F-11D3-BF4B-00C04F79EFBC}") = "Unity.RenderPipelines.GPUDriven.Runtime", "Unity.RenderPipelines.GPUDriven.Runtime.Player.csproj", "{C19A2425-24F2-9624-F581-7ADB4699B5B9}"
EndProject
Project("{FAE04EC0-301F-11D3-BF4B-00C04F79EFBC}") = "Unity.RenderPipelines.Core.Runtime", "Unity.RenderPipelines.Core.Runtime.Player.csproj", "{9A8B6D3C-0DEE-C2A7-C1C0-E45AF9928249}"
EndProject
Project("{FAE04EC0-301F-11D3-BF4B-00C04F79EFBC}") = "Unity.Mathematics", "Unity.Mathematics.Player.csproj", "{EE545077-6661-265D-A0F8-D76B619DC82A}"
EndProject
Project("{FAE04EC0-301F-11D3-BF4B-00C04F79EFBC}") = "UnityEngine.UI", "UnityEngine.UI.Player.csproj", "{B8393E49-8DCD-41A8-96D7-B7FC8D7631B4}"
EndProject
Project("{FAE04EC0-301F-11D3-BF4B-00C04F79EFBC}") = "Unity.2D.IK.Runtime", "Unity.2D.IK.Runtime.Player.csproj", "{C0E9A2A5-A90D-C791-A189-BE6F5E093BFB}"
EndProject
Project("{FAE04EC0-301F-11D3-BF4B-00C04F79EFBC}") = "Unity.RenderPipelines.Universal.2D.Runtime", "Unity.RenderPipelines.Universal.2D.Runtime.Player.csproj", "{7DD626F7-D2FB-D658-5E77-59128B4B073D}"
EndProject
Project("{FAE04EC0-301F-11D3-BF4B-00C04F79EFBC}") = "Unity.Collections", "Unity.Collections.Player.csproj", "{1B9245C9-43D6-335A-F5B2-FBEB70774DAF}"
EndProject
Project("{FAE04EC0-301F-11D3-BF4B-00C04F79EFBC}") = "UnityEngine.TestRunner", "UnityEngine.TestRunner.Player.csproj", "{FE911806-7D97-BEDC-2ADF-F420E6E332C6}"
EndProject
Project("{FAE04EC0-301F-11D3-BF4B-00C04F79EFBC}") = "Unity.Burst", "Unity.Burst.Player.csproj", "{CCDD9192-FC57-4300-CF5C-E3118BF49BD7}"
EndProject
Project("{FAE04EC0-301F-11D3-BF4B-00C04F79EFBC}") = "Unity.InputSystem", "Unity.InputSystem.Player.csproj", "{562B50AA-A9D9-8970-3AA9-E89878FFD296}"
EndProject
Project("{FAE04EC0-301F-11D3-BF4B-00C04F79EFBC}") = "Unity.2D.SpriteShape.Runtime", "Unity.2D.SpriteShape.Runtime.Player.csproj", "{F4360BCB-951F-587F-D9D5-9ECAEF36A7BB}"
EndProject
Project("{FAE04EC0-301F-11D3-BF4B-00C04F79EFBC}") = "Unity.VisualScripting.Core", "Unity.VisualScripting.Core.Player.csproj", "{1F540731-AE1A-B6FA-EAE3-E587EF14E1AE}"
EndProject
Project("{FAE04EC0-301F-11D3-BF4B-00C04F79EFBC}") = "Unity.RenderPipelines.Universal.Runtime", "Unity.RenderPipelines.Universal.Runtime.Player.csproj", "{D72228AB-5A77-CCCB-317E-15CA220B8A9C}"
EndProject
Project("{FAE04EC0-301F-11D3-BF4B-00C04F79EFBC}") = "Unity.UnifiedRayTracing.Runtime", "Unity.UnifiedRayTracing.Runtime.Player.csproj", "{3D64167B-DFAD-4A00-E266-0156A79C2039}"
EndProject
Project("{FAE04EC0-301F-11D3-BF4B-00C04F79EFBC}") = "Unity.VisualScripting.Flow", "Unity.VisualScripting.Flow.Player.csproj", "{8DC7F6B0-A76D-D5AB-17E6-88A14C218DE2}"
EndProject
Project("{FAE04EC0-301F-11D3-BF4B-00C04F79EFBC}") = "Unity.PerformanceTesting", "Unity.PerformanceTesting.Player.csproj", "{2DB4BC6D-2554-E0E0-722E-07C0819A764E}"
EndProject
Project("{FAE04EC0-301F-11D3-BF4B-00C04F79EFBC}") = "Unity.TextMeshPro", "Unity.TextMeshPro.Player.csproj", "{A4138261-B533-59E7-8099-B6D657651A3C}"
EndProject
Project("{FAE04EC0-301F-11D3-BF4B-00C04F79EFBC}") = "Unity.InternalAPIEngineBridge.001", "Unity.InternalAPIEngineBridge.001.Player.csproj", "{9397041C-68EB-C81B-1672-D8328B586B3B}"
EndProject
Project("{FAE04EC0-301F-11D3-BF4B-00C04F79EFBC}") = "Unity.VisualScripting.State", "Unity.VisualScripting.State.Player.csproj", "{52BFE7D1-2BB0-FF2F-BEFC-5CBFEB51A1C5}"
EndProject
Project("{FAE04EC0-301F-11D3-BF4B-00C04F79EFBC}") = "Unity.Multiplayer.Center.Common", "Unity.Multiplayer.Center.Common.Player.csproj", "{58B5D30C-CC3C-2DF0-26CD-9F0CF4512DE9}"
EndProject
Project("{FAE04EC0-301F-11D3-BF4B-00C04F79EFBC}") = "Unity.InputSystem.ForUI", "Unity.InputSystem.ForUI.Player.csproj", "{ACF83436-2B11-C7B2-48B9-42F125D2C56E}"
EndProject
Project("{FAE04EC0-301F-11D3-BF4B-00C04F79EFBC}") = "Unity.2D.Tilemap.Extras", "Unity.2D.Tilemap.Extras.Player.csproj", "{9A945108-553B-DC77-8A95-36C8CD81AE9E}"
EndProject
Project("{FAE04EC0-301F-11D3-BF4B-00C04F79EFBC}") = "Unity.2D.Animation.Runtime", "Unity.2D.Animation.Runtime.Player.csproj", "{C0DAD795-8178-617B-9C9C-0B346C898CCC}"
EndProject
Project("{FAE04EC0-301F-11D3-BF4B-00C04F79EFBC}") = "Unity.2D.Common.Runtime", "Unity.2D.Common.Runtime.Player.csproj", "{44E49F01-8FEB-FBB9-4FA5-1BB98BB65C73}"
EndProject
Project("{FAE04EC0-301F-11D3-BF4B-00C04F79EFBC}") = "Unity.InputSystem.TestFramework", "Unity.InputSystem.TestFramework.Player.csproj", "{1A2AFA40-2DF7-1832-7646-9EF3981005D9}"
EndProject
Project("{FAE04EC0-301F-11D3-BF4B-00C04F79EFBC}") = "Assembly-CSharp", "Assembly-CSharp.Player.csproj", "{8680C965-1D33-7A01-D2F7-321F39DD15EF}"
EndProject
Project("{FAE04EC0-301F-11D3-BF4B-00C04F79EFBC}") = "Unity.RenderPipeline.Universal.ShaderLibrary", "Unity.RenderPipeline.Universal.ShaderLibrary.Player.csproj", "{C585C7B0-DF83-AB47-1C37-3360DB322BA6}"
EndProject
Project("{FAE04EC0-301F-11D3-BF4B-00C04F79EFBC}") = "Unity.RenderPipelines.Universal.Shaders", "Unity.RenderPipelines.Universal.Shaders.Player.csproj", "{2EE23DED-321D-0951-0EBA-F4578695D7AC}"
EndProject
Project("{FAE04EC0-301F-11D3-BF4B-00C04F79EFBC}") = "Unity.RenderPipelines.Core.Runtime.Shared", "Unity.RenderPipelines.Core.Runtime.Shared.Player.csproj", "{8246A5B7-9EAE-9A23-4942-63469FC95519}"
EndProject
Project("{FAE04EC0-301F-11D3-BF4B-00C04F79EFBC}") = "Unity.InternalAPIEngineBridge.004", "Unity.InternalAPIEngineBridge.004.Player.csproj", "{92E0D2EC-067B-03AA-337B-1C7B5DBFCFD3}"
EndProject
Project("{FAE04EC0-301F-11D3-BF4B-00C04F79EFBC}") = "Unity.VisualScripting.DocCodeExamples", "Unity.VisualScripting.DocCodeExamples.Player.csproj", "{A936BE1C-2F02-7CF7-06E2-367547D89818}"
EndProject
Project("{FAE04EC0-301F-11D3-BF4B-00C04F79EFBC}") = "Unity.RenderPipelines.Universal.Config.Runtime", "Unity.RenderPipelines.Universal.Config.Runtime.Player.csproj", "{BF944A95-94B4-8D1B-157B-4511FFEF0863}"
EndProject
Project("{FAE04EC0-301F-11D3-BF4B-00C04F79EFBC}") = "Unity.RenderPipelines.ShaderGraph.ShaderGraphLibrary", "Unity.RenderPipelines.ShaderGraph.ShaderGraphLibrary.Player.csproj", "{07F52AD1-DE57-AF04-9A87-D1A776FCF4B0}"
EndProject
Project("{FAE04EC0-301F-11D3-BF4B-00C04F79EFBC}") = "Unity.RenderPipelines.Core.ShaderLibrary", "Unity.RenderPipelines.Core.ShaderLibrary.Player.csproj", "{3A282D2B-EA62-E203-AE8D-A5A653DBA205}"
EndProject
Global
	GlobalSection(SolutionConfigurationPlatforms) = preSolution
		Debug|Any CPU = Debug|Any CPU
		Release|Any CPU = Release|Any CPU
	EndGlobalSection
	GlobalSection(ProjectConfigurationPlatforms) = postSolution
		{B157A14A-DABB-9B21-E0DC-7A4844DF7679}.Debug|Any CPU.ActiveCfg = Debug|Any CPU
		{B157A14A-DABB-9B21-E0DC-7A4844DF7679}.Debug|Any CPU.Build.0 = Debug|Any CPU
		{B157A14A-DABB-9B21-E0DC-7A4844DF7679}.Release|Any CPU.ActiveCfg = Release|Any CPU
		{B157A14A-DABB-9B21-E0DC-7A4844DF7679}.Release|Any CPU.Build.0 = Release|Any CPU
		{F75A7659-E871-198C-2921-691FD9F01CBD}.Debug|Any CPU.ActiveCfg = Debug|Any CPU
		{F75A7659-E871-198C-2921-691FD9F01CBD}.Debug|Any CPU.Build.0 = Debug|Any CPU
		{F75A7659-E871-198C-2921-691FD9F01CBD}.Release|Any CPU.ActiveCfg = Release|Any CPU
		{F75A7659-E871-198C-2921-691FD9F01CBD}.Release|Any CPU.Build.0 = Release|Any CPU
		{E66D9839-9B58-C382-7713-E8CEF072DD10}.Debug|Any CPU.ActiveCfg = Debug|Any CPU
		{E66D9839-9B58-C382-7713-E8CEF072DD10}.Debug|Any CPU.Build.0 = Debug|Any CPU
		{E66D9839-9B58-C382-7713-E8CEF072DD10}.Release|Any CPU.ActiveCfg = Release|Any CPU
		{E66D9839-9B58-C382-7713-E8CEF072DD10}.Release|Any CPU.Build.0 = Release|Any CPU
		{6AAB6F89-428F-8312-A0B0-3442AB99800A}.Debug|Any CPU.ActiveCfg = Debug|Any CPU
		{6AAB6F89-428F-8312-A0B0-3442AB99800A}.Debug|Any CPU.Build.0 = Debug|Any CPU
		{6AAB6F89-428F-8312-A0B0-3442AB99800A}.Release|Any CPU.ActiveCfg = Release|Any CPU
		{6AAB6F89-428F-8312-A0B0-3442AB99800A}.Release|Any CPU.Build.0 = Release|Any CPU
		{932D9068-584D-F9A9-B712-45EBF7082817}.Debug|Any CPU.ActiveCfg = Debug|Any CPU
		{932D9068-584D-F9A9-B712-45EBF7082817}.Debug|Any CPU.Build.0 = Debug|Any CPU
		{932D9068-584D-F9A9-B712-45EBF7082817}.Release|Any CPU.ActiveCfg = Release|Any CPU
		{932D9068-584D-F9A9-B712-45EBF7082817}.Release|Any CPU.Build.0 = Release|Any CPU
		{0EF74B21-FCA5-97C2-3009-D19BF8490DCF}.Debug|Any CPU.ActiveCfg = Debug|Any CPU
		{0EF74B21-FCA5-97C2-3009-D19BF8490DCF}.Debug|Any CPU.Build.0 = Debug|Any CPU
		{0EF74B21-FCA5-97C2-3009-D19BF8490DCF}.Release|Any CPU.ActiveCfg = Release|Any CPU
		{0EF74B21-FCA5-97C2-3009-D19BF8490DCF}.Release|Any CPU.Build.0 = Release|Any CPU
		{1EA11F7B-68F1-0EF0-3273-0F9385A103CB}.Debug|Any CPU.ActiveCfg = Debug|Any CPU
		{1EA11F7B-68F1-0EF0-3273-0F9385A103CB}.Debug|Any CPU.Build.0 = Debug|Any CPU
		{1EA11F7B-68F1-0EF0-3273-0F9385A103CB}.Release|Any CPU.ActiveCfg = Release|Any CPU
		{1EA11F7B-68F1-0EF0-3273-0F9385A103CB}.Release|Any CPU.Build.0 = Release|Any CPU
		{492B9DF8-7FD8-2322-3493-5013B306B82D}.Debug|Any CPU.ActiveCfg = Debug|Any CPU
		{492B9DF8-7FD8-2322-3493-5013B306B82D}.Debug|Any CPU.Build.0 = Debug|Any CPU
		{492B9DF8-7FD8-2322-3493-5013B306B82D}.Release|Any CPU.ActiveCfg = Release|Any CPU
		{492B9DF8-7FD8-2322-3493-5013B306B82D}.Release|Any CPU.Build.0 = Release|Any CPU
		{FFA7BEA9-15BB-61A0-D83A-E5E4A9F28FA0}.Debug|Any CPU.ActiveCfg = Debug|Any CPU
		{FFA7BEA9-15BB-61A0-D83A-E5E4A9F28FA0}.Debug|Any CPU.Build.0 = Debug|Any CPU
		{FFA7BEA9-15BB-61A0-D83A-E5E4A9F28FA0}.Release|Any CPU.ActiveCfg = Release|Any CPU
		{FFA7BEA9-15BB-61A0-D83A-E5E4A9F28FA0}.Release|Any CPU.Build.0 = Release|Any CPU
		{526D23B8-3880-F778-04FF-969F95AEEE7E}.Debug|Any CPU.ActiveCfg = Debug|Any CPU
		{526D23B8-3880-F778-04FF-969F95AEEE7E}.Debug|Any CPU.Build.0 = Debug|Any CPU
		{526D23B8-3880-F778-04FF-969F95AEEE7E}.Release|Any CPU.ActiveCfg = Release|Any CPU
		{526D23B8-3880-F778-04FF-969F95AEEE7E}.Release|Any CPU.Build.0 = Release|Any CPU
		{637AFD5E-A443-E767-8834-77A739A0A2D0}.Debug|Any CPU.ActiveCfg = Debug|Any CPU
		{637AFD5E-A443-E767-8834-77A739A0A2D0}.Debug|Any CPU.Build.0 = Debug|Any CPU
		{637AFD5E-A443-E767-8834-77A739A0A2D0}.Release|Any CPU.ActiveCfg = Release|Any CPU
		{637AFD5E-A443-E767-8834-77A739A0A2D0}.Release|Any CPU.Build.0 = Release|Any CPU
		{E3857B35-DF15-0EEE-A668-CBFE56BB14BD}.Debug|Any CPU.ActiveCfg = Debug|Any CPU
		{E3857B35-DF15-0EEE-A668-CBFE56BB14BD}.Debug|Any CPU.Build.0 = Debug|Any CPU
		{E3857B35-DF15-0EEE-A668-CBFE56BB14BD}.Release|Any CPU.ActiveCfg = Release|Any CPU
		{E3857B35-DF15-0EEE-A668-CBFE56BB14BD}.Release|Any CPU.Build.0 = Release|Any CPU
		{AB2B258A-07A6-184B-B578-193CC147F4C4}.Debug|Any CPU.ActiveCfg = Debug|Any CPU
		{AB2B258A-07A6-184B-B578-193CC147F4C4}.Debug|Any CPU.Build.0 = Debug|Any CPU
		{AB2B258A-07A6-184B-B578-193CC147F4C4}.Release|Any CPU.ActiveCfg = Release|Any CPU
		{AB2B258A-07A6-184B-B578-193CC147F4C4}.Release|Any CPU.Build.0 = Release|Any CPU
		{39864DBE-44B5-B86B-ADC0-026523A53703}.Debug|Any CPU.ActiveCfg = Debug|Any CPU
		{39864DBE-44B5-B86B-ADC0-026523A53703}.Debug|Any CPU.Build.0 = Debug|Any CPU
		{39864DBE-44B5-B86B-ADC0-026523A53703}.Release|Any CPU.ActiveCfg = Release|Any CPU
		{39864DBE-44B5-B86B-ADC0-026523A53703}.Release|Any CPU.Build.0 = Release|Any CPU
		{F3757A0E-824D-7286-F853-33B74E46C16F}.Debug|Any CPU.ActiveCfg = Debug|Any CPU
		{F3757A0E-824D-7286-F853-33B74E46C16F}.Debug|Any CPU.Build.0 = Debug|Any CPU
		{F3757A0E-824D-7286-F853-33B74E46C16F}.Release|Any CPU.ActiveCfg = Release|Any CPU
		{F3757A0E-824D-7286-F853-33B74E46C16F}.Release|Any CPU.Build.0 = Release|Any CPU
		{2197FAD2-BD55-D979-AA28-E6BCE3CB3580}.Debug|Any CPU.ActiveCfg = Debug|Any CPU
		{2197FAD2-BD55-D979-AA28-E6BCE3CB3580}.Debug|Any CPU.Build.0 = Debug|Any CPU
		{2197FAD2-BD55-D979-AA28-E6BCE3CB3580}.Release|Any CPU.ActiveCfg = Release|Any CPU
		{2197FAD2-BD55-D979-AA28-E6BCE3CB3580}.Release|Any CPU.Build.0 = Release|Any CPU
		{111D1652-688E-9F23-BBDA-178567FE9F1A}.Debug|Any CPU.ActiveCfg = Debug|Any CPU
		{111D1652-688E-9F23-BBDA-178567FE9F1A}.Debug|Any CPU.Build.0 = Debug|Any CPU
		{111D1652-688E-9F23-BBDA-178567FE9F1A}.Release|Any CPU.ActiveCfg = Release|Any CPU
		{111D1652-688E-9F23-BBDA-178567FE9F1A}.Release|Any CPU.Build.0 = Release|Any CPU
		{A683CD71-2C33-EF49-0397-C23E3F49EECB}.Debug|Any CPU.ActiveCfg = Debug|Any CPU
		{A683CD71-2C33-EF49-0397-C23E3F49EECB}.Debug|Any CPU.Build.0 = Debug|Any CPU
		{A683CD71-2C33-EF49-0397-C23E3F49EECB}.Release|Any CPU.ActiveCfg = Release|Any CPU
		{A683CD71-2C33-EF49-0397-C23E3F49EECB}.Release|Any CPU.Build.0 = Release|Any CPU
		{B2132ECB-0FBE-4857-9DF2-BC1921269C59}.Debug|Any CPU.ActiveCfg = Debug|Any CPU
		{B2132ECB-0FBE-4857-9DF2-BC1921269C59}.Debug|Any CPU.Build.0 = Debug|Any CPU
		{B2132ECB-0FBE-4857-9DF2-BC1921269C59}.Release|Any CPU.ActiveCfg = Release|Any CPU
		{B2132ECB-0FBE-4857-9DF2-BC1921269C59}.Release|Any CPU.Build.0 = Release|Any CPU
		{81FBEF70-7763-B229-A6EF-4A5E726A1791}.Debug|Any CPU.ActiveCfg = Debug|Any CPU
		{81FBEF70-7763-B229-A6EF-4A5E726A1791}.Debug|Any CPU.Build.0 = Debug|Any CPU
		{81FBEF70-7763-B229-A6EF-4A5E726A1791}.Release|Any CPU.ActiveCfg = Release|Any CPU
		{81FBEF70-7763-B229-A6EF-4A5E726A1791}.Release|Any CPU.Build.0 = Release|Any CPU
		{B99BC0FF-C7A6-2D6D-4BFD-37E758A0609B}.Debug|Any CPU.ActiveCfg = Debug|Any CPU
		{B99BC0FF-C7A6-2D6D-4BFD-37E758A0609B}.Debug|Any CPU.Build.0 = Debug|Any CPU
		{B99BC0FF-C7A6-2D6D-4BFD-37E758A0609B}.Release|Any CPU.ActiveCfg = Release|Any CPU
		{B99BC0FF-C7A6-2D6D-4BFD-37E758A0609B}.Release|Any CPU.Build.0 = Release|Any CPU
		{336F0785-E439-5F3B-E597-1AFD8DDCD7CD}.Debug|Any CPU.ActiveCfg = Debug|Any CPU
		{336F0785-E439-5F3B-E597-1AFD8DDCD7CD}.Debug|Any CPU.Build.0 = Debug|Any CPU
		{336F0785-E439-5F3B-E597-1AFD8DDCD7CD}.Release|Any CPU.ActiveCfg = Release|Any CPU
		{336F0785-E439-5F3B-E597-1AFD8DDCD7CD}.Release|Any CPU.Build.0 = Release|Any CPU
		{EBEFFE47-7A1B-E474-F0FE-D6389B9AC342}.Debug|Any CPU.ActiveCfg = Debug|Any CPU
		{EBEFFE47-7A1B-E474-F0FE-D6389B9AC342}.Debug|Any CPU.Build.0 = Debug|Any CPU
		{EBEFFE47-7A1B-E474-F0FE-D6389B9AC342}.Release|Any CPU.ActiveCfg = Release|Any CPU
		{EBEFFE47-7A1B-E474-F0FE-D6389B9AC342}.Release|Any CPU.Build.0 = Release|Any CPU
		{25A3EFA4-F8F7-7FAE-96A1-CEC1301CF52E}.Debug|Any CPU.ActiveCfg = Debug|Any CPU
		{25A3EFA4-F8F7-7FAE-96A1-CEC1301CF52E}.Debug|Any CPU.Build.0 = Debug|Any CPU
		{25A3EFA4-F8F7-7FAE-96A1-CEC1301CF52E}.Release|Any CPU.ActiveCfg = Release|Any CPU
		{25A3EFA4-F8F7-7FAE-96A1-CEC1301CF52E}.Release|Any CPU.Build.0 = Release|Any CPU
		{C145834F-4758-AD3A-AAC8-0CD6636D13B4}.Debug|Any CPU.ActiveCfg = Debug|Any CPU
		{C145834F-4758-AD3A-AAC8-0CD6636D13B4}.Debug|Any CPU.Build.0 = Debug|Any CPU
		{C145834F-4758-AD3A-AAC8-0CD6636D13B4}.Release|Any CPU.ActiveCfg = Release|Any CPU
		{C145834F-4758-AD3A-AAC8-0CD6636D13B4}.Release|Any CPU.Build.0 = Release|Any CPU
		{33448387-1ADA-D476-99AE-C4377DA5E211}.Debug|Any CPU.ActiveCfg = Debug|Any CPU
		{33448387-1ADA-D476-99AE-C4377DA5E211}.Debug|Any CPU.Build.0 = Debug|Any CPU
		{33448387-1ADA-D476-99AE-C4377DA5E211}.Release|Any CPU.ActiveCfg = Release|Any CPU
		{33448387-1ADA-D476-99AE-C4377DA5E211}.Release|Any CPU.Build.0 = Release|Any CPU
		{C03EE24D-38FA-C233-6FE7-5D032047849A}.Debug|Any CPU.ActiveCfg = Debug|Any CPU
		{C03EE24D-38FA-C233-6FE7-5D032047849A}.Debug|Any CPU.Build.0 = Debug|Any CPU
		{C03EE24D-38FA-C233-6FE7-5D032047849A}.Release|Any CPU.ActiveCfg = Release|Any CPU
		{C03EE24D-38FA-C233-6FE7-5D032047849A}.Release|Any CPU.Build.0 = Release|Any CPU
		{BB58194C-65D1-1DBA-0378-E814DA0C69CA}.Debug|Any CPU.ActiveCfg = Debug|Any CPU
		{BB58194C-65D1-1DBA-0378-E814DA0C69CA}.Debug|Any CPU.Build.0 = Debug|Any CPU
		{BB58194C-65D1-1DBA-0378-E814DA0C69CA}.Release|Any CPU.ActiveCfg = Release|Any CPU
		{BB58194C-65D1-1DBA-0378-E814DA0C69CA}.Release|Any CPU.Build.0 = Release|Any CPU
		{AF96AACE-0BEC-6ECF-8B89-9B9456C8B399}.Debug|Any CPU.ActiveCfg = Debug|Any CPU
		{AF96AACE-0BEC-6ECF-8B89-9B9456C8B399}.Debug|Any CPU.Build.0 = Debug|Any CPU
		{AF96AACE-0BEC-6ECF-8B89-9B9456C8B399}.Release|Any CPU.ActiveCfg = Release|Any CPU
		{AF96AACE-0BEC-6ECF-8B89-9B9456C8B399}.Release|Any CPU.Build.0 = Release|Any CPU
		{CF7B509D-828D-03C1-2770-8A624C6F043C}.Debug|Any CPU.ActiveCfg = Debug|Any CPU
		{CF7B509D-828D-03C1-2770-8A624C6F043C}.Debug|Any CPU.Build.0 = Debug|Any CPU
		{CF7B509D-828D-03C1-2770-8A624C6F043C}.Release|Any CPU.ActiveCfg = Release|Any CPU
		{CF7B509D-828D-03C1-2770-8A624C6F043C}.Release|Any CPU.Build.0 = Release|Any CPU
		{2FA63E2A-772E-8620-1C4B-3638B869F57D}.Debug|Any CPU.ActiveCfg = Debug|Any CPU
		{2FA63E2A-772E-8620-1C4B-3638B869F57D}.Debug|Any CPU.Build.0 = Debug|Any CPU
		{2FA63E2A-772E-8620-1C4B-3638B869F57D}.Release|Any CPU.ActiveCfg = Release|Any CPU
		{2FA63E2A-772E-8620-1C4B-3638B869F57D}.Release|Any CPU.Build.0 = Release|Any CPU
		{E5BF7C85-FB81-85D9-6C5B-7E490425405F}.Debug|Any CPU.ActiveCfg = Debug|Any CPU
		{E5BF7C85-FB81-85D9-6C5B-7E490425405F}.Debug|Any CPU.Build.0 = Debug|Any CPU
		{E5BF7C85-FB81-85D9-6C5B-7E490425405F}.Release|Any CPU.ActiveCfg = Release|Any CPU
		{E5BF7C85-FB81-85D9-6C5B-7E490425405F}.Release|Any CPU.Build.0 = Release|Any CPU
		{558DD467-1804-FC0E-76A3-1DA21B632385}.Debug|Any CPU.ActiveCfg = Debug|Any CPU
		{558DD467-1804-FC0E-76A3-1DA21B632385}.Debug|Any CPU.Build.0 = Debug|Any CPU
		{558DD467-1804-FC0E-76A3-1DA21B632385}.Release|Any CPU.ActiveCfg = Release|Any CPU
		{558DD467-1804-FC0E-76A3-1DA21B632385}.Release|Any CPU.Build.0 = Release|Any CPU
		{C375F3B2-3ACF-65AD-A3A0-E04505B63A16}.Debug|Any CPU.ActiveCfg = Debug|Any CPU
		{C375F3B2-3ACF-65AD-A3A0-E04505B63A16}.Debug|Any CPU.Build.0 = Debug|Any CPU
		{C375F3B2-3ACF-65AD-A3A0-E04505B63A16}.Release|Any CPU.ActiveCfg = Release|Any CPU
		{C375F3B2-3ACF-65AD-A3A0-E04505B63A16}.Release|Any CPU.Build.0 = Release|Any CPU
		{5EA9E791-A6A7-170E-CF4B-C87DBB3EDEC3}.Debug|Any CPU.ActiveCfg = Debug|Any CPU
		{5EA9E791-A6A7-170E-CF4B-C87DBB3EDEC3}.Debug|Any CPU.Build.0 = Debug|Any CPU
		{5EA9E791-A6A7-170E-CF4B-C87DBB3EDEC3}.Release|Any CPU.ActiveCfg = Release|Any CPU
		{5EA9E791-A6A7-170E-CF4B-C87DBB3EDEC3}.Release|Any CPU.Build.0 = Release|Any CPU
		{EDECF8AE-E5F3-3D44-18DC-8A54F44F371A}.Debug|Any CPU.ActiveCfg = Debug|Any CPU
		{EDECF8AE-E5F3-3D44-18DC-8A54F44F371A}.Debug|Any CPU.Build.0 = Debug|Any CPU
		{EDECF8AE-E5F3-3D44-18DC-8A54F44F371A}.Release|Any CPU.ActiveCfg = Release|Any CPU
		{EDECF8AE-E5F3-3D44-18DC-8A54F44F371A}.Release|Any CPU.Build.0 = Release|Any CPU
		{8D2DC8FA-0C06-0629-96EF-EBF90200FD28}.Debug|Any CPU.ActiveCfg = Debug|Any CPU
		{8D2DC8FA-0C06-0629-96EF-EBF90200FD28}.Debug|Any CPU.Build.0 = Debug|Any CPU
		{8D2DC8FA-0C06-0629-96EF-EBF90200FD28}.Release|Any CPU.ActiveCfg = Release|Any CPU
		{8D2DC8FA-0C06-0629-96EF-EBF90200FD28}.Release|Any CPU.Build.0 = Release|Any CPU
		{E0815E0D-9C5F-559C-28AF-CD9A0311D0BA}.Debug|Any CPU.ActiveCfg = Debug|Any CPU
		{E0815E0D-9C5F-559C-28AF-CD9A0311D0BA}.Debug|Any CPU.Build.0 = Debug|Any CPU
		{E0815E0D-9C5F-559C-28AF-CD9A0311D0BA}.Release|Any CPU.ActiveCfg = Release|Any CPU
		{E0815E0D-9C5F-559C-28AF-CD9A0311D0BA}.Release|Any CPU.Build.0 = Release|Any CPU
		{68A9D541-CAED-2E29-E6C8-73903ABA5867}.Debug|Any CPU.ActiveCfg = Debug|Any CPU
		{68A9D541-CAED-2E29-E6C8-73903ABA5867}.Debug|Any CPU.Build.0 = Debug|Any CPU
		{68A9D541-CAED-2E29-E6C8-73903ABA5867}.Release|Any CPU.ActiveCfg = Release|Any CPU
		{68A9D541-CAED-2E29-E6C8-73903ABA5867}.Release|Any CPU.Build.0 = Release|Any CPU
		{2A2FF6D6-6499-394F-17D1-F0DB1354D930}.Debug|Any CPU.ActiveCfg = Debug|Any CPU
		{2A2FF6D6-6499-394F-17D1-F0DB1354D930}.Debug|Any CPU.Build.0 = Debug|Any CPU
		{2A2FF6D6-6499-394F-17D1-F0DB1354D930}.Release|Any CPU.ActiveCfg = Release|Any CPU
		{2A2FF6D6-6499-394F-17D1-F0DB1354D930}.Release|Any CPU.Build.0 = Release|Any CPU
		{AA333318-BA5E-5625-EE67-692D102378BF}.Debug|Any CPU.ActiveCfg = Debug|Any CPU
		{AA333318-BA5E-5625-EE67-692D102378BF}.Debug|Any CPU.Build.0 = Debug|Any CPU
		{AA333318-BA5E-5625-EE67-692D102378BF}.Release|Any CPU.ActiveCfg = Release|Any CPU
		{AA333318-BA5E-5625-EE67-692D102378BF}.Release|Any CPU.Build.0 = Release|Any CPU
		{B507378C-8431-D44E-4953-8B4BC2668B5B}.Debug|Any CPU.ActiveCfg = Debug|Any CPU
		{B507378C-8431-D44E-4953-8B4BC2668B5B}.Debug|Any CPU.Build.0 = Debug|Any CPU
		{B507378C-8431-D44E-4953-8B4BC2668B5B}.Release|Any CPU.ActiveCfg = Release|Any CPU
		{B507378C-8431-D44E-4953-8B4BC2668B5B}.Release|Any CPU.Build.0 = Release|Any CPU
		{1132F424-8C7B-27C6-F43B-A3C87327A23D}.Debug|Any CPU.ActiveCfg = Debug|Any CPU
		{1132F424-8C7B-27C6-F43B-A3C87327A23D}.Debug|Any CPU.Build.0 = Debug|Any CPU
		{1132F424-8C7B-27C6-F43B-A3C87327A23D}.Release|Any CPU.ActiveCfg = Release|Any CPU
		{1132F424-8C7B-27C6-F43B-A3C87327A23D}.Release|Any CPU.Build.0 = Release|Any CPU
		{4140863E-3D84-7BC8-70CE-6AB7A786FEDB}.Debug|Any CPU.ActiveCfg = Debug|Any CPU
		{4140863E-3D84-7BC8-70CE-6AB7A786FEDB}.Debug|Any CPU.Build.0 = Debug|Any CPU
		{4140863E-3D84-7BC8-70CE-6AB7A786FEDB}.Release|Any CPU.ActiveCfg = Release|Any CPU
		{4140863E-3D84-7BC8-70CE-6AB7A786FEDB}.Release|Any CPU.Build.0 = Release|Any CPU
		{2FEDD584-95B1-4247-6B7F-445C7A1B7FA1}.Debug|Any CPU.ActiveCfg = Debug|Any CPU
		{2FEDD584-95B1-4247-6B7F-445C7A1B7FA1}.Debug|Any CPU.Build.0 = Debug|Any CPU
		{2FEDD584-95B1-4247-6B7F-445C7A1B7FA1}.Release|Any CPU.ActiveCfg = Release|Any CPU
		{2FEDD584-95B1-4247-6B7F-445C7A1B7FA1}.Release|Any CPU.Build.0 = Release|Any CPU
		{B04D6E54-8A98-BA16-FB89-C00DD8A8D298}.Debug|Any CPU.ActiveCfg = Debug|Any CPU
		{B04D6E54-8A98-BA16-FB89-C00DD8A8D298}.Debug|Any CPU.Build.0 = Debug|Any CPU
		{B04D6E54-8A98-BA16-FB89-C00DD8A8D298}.Release|Any CPU.ActiveCfg = Release|Any CPU
		{B04D6E54-8A98-BA16-FB89-C00DD8A8D298}.Release|Any CPU.Build.0 = Release|Any CPU
		{DA857E97-AE6C-01BA-281E-BD2AA55FFDEA}.Debug|Any CPU.ActiveCfg = Debug|Any CPU
		{DA857E97-AE6C-01BA-281E-BD2AA55FFDEA}.Debug|Any CPU.Build.0 = Debug|Any CPU
		{DA857E97-AE6C-01BA-281E-BD2AA55FFDEA}.Release|Any CPU.ActiveCfg = Release|Any CPU
		{DA857E97-AE6C-01BA-281E-BD2AA55FFDEA}.Release|Any CPU.Build.0 = Release|Any CPU
		{97A36EBA-FB7B-D1D5-6E0E-64C3ACA10FCE}.Debug|Any CPU.ActiveCfg = Debug|Any CPU
		{97A36EBA-FB7B-D1D5-6E0E-64C3ACA10FCE}.Debug|Any CPU.Build.0 = Debug|Any CPU
		{97A36EBA-FB7B-D1D5-6E0E-64C3ACA10FCE}.Release|Any CPU.ActiveCfg = Release|Any CPU
		{97A36EBA-FB7B-D1D5-6E0E-64C3ACA10FCE}.Release|Any CPU.Build.0 = Release|Any CPU
		{801430FB-97D8-14C0-CF69-0D6AF2363377}.Debug|Any CPU.ActiveCfg = Debug|Any CPU
		{801430FB-97D8-14C0-CF69-0D6AF2363377}.Debug|Any CPU.Build.0 = Debug|Any CPU
		{801430FB-97D8-14C0-CF69-0D6AF2363377}.Release|Any CPU.ActiveCfg = Release|Any CPU
		{801430FB-97D8-14C0-CF69-0D6AF2363377}.Release|Any CPU.Build.0 = Release|Any CPU
		{25DB8212-8603-A4DB-2262-5BF74940558F}.Debug|Any CPU.ActiveCfg = Debug|Any CPU
		{25DB8212-8603-A4DB-2262-5BF74940558F}.Debug|Any CPU.Build.0 = Debug|Any CPU
		{25DB8212-8603-A4DB-2262-5BF74940558F}.Release|Any CPU.ActiveCfg = Release|Any CPU
		{25DB8212-8603-A4DB-2262-5BF74940558F}.Release|Any CPU.Build.0 = Release|Any CPU
		{B5AF875E-D7FA-6EC9-BB99-9832D1C9CE3A}.Debug|Any CPU.ActiveCfg = Debug|Any CPU
		{B5AF875E-D7FA-6EC9-BB99-9832D1C9CE3A}.Debug|Any CPU.Build.0 = Debug|Any CPU
		{B5AF875E-D7FA-6EC9-BB99-9832D1C9CE3A}.Release|Any CPU.ActiveCfg = Release|Any CPU
		{B5AF875E-D7FA-6EC9-BB99-9832D1C9CE3A}.Release|Any CPU.Build.0 = Release|Any CPU
		{631175D6-6420-7427-C569-013DA88F288B}.Debug|Any CPU.ActiveCfg = Debug|Any CPU
		{631175D6-6420-7427-C569-013DA88F288B}.Debug|Any CPU.Build.0 = Debug|Any CPU
		{631175D6-6420-7427-C569-013DA88F288B}.Release|Any CPU.ActiveCfg = Release|Any CPU
		{631175D6-6420-7427-C569-013DA88F288B}.Release|Any CPU.Build.0 = Release|Any CPU
		{D13EF547-9927-ED85-C49F-08B93F85AA96}.Debug|Any CPU.ActiveCfg = Debug|Any CPU
		{D13EF547-9927-ED85-C49F-08B93F85AA96}.Debug|Any CPU.Build.0 = Debug|Any CPU
		{D13EF547-9927-ED85-C49F-08B93F85AA96}.Release|Any CPU.ActiveCfg = Release|Any CPU
		{D13EF547-9927-ED85-C49F-08B93F85AA96}.Release|Any CPU.Build.0 = Release|Any CPU
		{B785EC7C-1BE6-DDD7-063C-8D0FBF7C57CB}.Debug|Any CPU.ActiveCfg = Debug|Any CPU
		{B785EC7C-1BE6-DDD7-063C-8D0FBF7C57CB}.Debug|Any CPU.Build.0 = Debug|Any CPU
		{B785EC7C-1BE6-DDD7-063C-8D0FBF7C57CB}.Release|Any CPU.ActiveCfg = Release|Any CPU
		{B785EC7C-1BE6-DDD7-063C-8D0FBF7C57CB}.Release|Any CPU.Build.0 = Release|Any CPU
		{154D5775-CA52-1F04-5D07-6F8047EA35B8}.Debug|Any CPU.ActiveCfg = Debug|Any CPU
		{154D5775-CA52-1F04-5D07-6F8047EA35B8}.Debug|Any CPU.Build.0 = Debug|Any CPU
		{154D5775-CA52-1F04-5D07-6F8047EA35B8}.Release|Any CPU.ActiveCfg = Release|Any CPU
		{154D5775-CA52-1F04-5D07-6F8047EA35B8}.Release|Any CPU.Build.0 = Release|Any CPU
		{C5A93A66-B3AE-BA9C-E3F3-44ED085D0CDA}.Debug|Any CPU.ActiveCfg = Debug|Any CPU
		{C5A93A66-B3AE-BA9C-E3F3-44ED085D0CDA}.Debug|Any CPU.Build.0 = Debug|Any CPU
		{C5A93A66-B3AE-BA9C-E3F3-44ED085D0CDA}.Release|Any CPU.ActiveCfg = Release|Any CPU
		{C5A93A66-B3AE-BA9C-E3F3-44ED085D0CDA}.Release|Any CPU.Build.0 = Release|Any CPU
		{035CA92E-675B-6AAD-D5CF-17C93C679AF3}.Debug|Any CPU.ActiveCfg = Debug|Any CPU
		{035CA92E-675B-6AAD-D5CF-17C93C679AF3}.Debug|Any CPU.Build.0 = Debug|Any CPU
		{035CA92E-675B-6AAD-D5CF-17C93C679AF3}.Release|Any CPU.ActiveCfg = Release|Any CPU
		{035CA92E-675B-6AAD-D5CF-17C93C679AF3}.Release|Any CPU.Build.0 = Release|Any CPU
		{7ADDC347-1E8F-A573-2891-8DC7B90437C1}.Debug|Any CPU.ActiveCfg = Debug|Any CPU
		{7ADDC347-1E8F-A573-2891-8DC7B90437C1}.Debug|Any CPU.Build.0 = Debug|Any CPU
		{7ADDC347-1E8F-A573-2891-8DC7B90437C1}.Release|Any CPU.ActiveCfg = Release|Any CPU
		{7ADDC347-1E8F-A573-2891-8DC7B90437C1}.Release|Any CPU.Build.0 = Release|Any CPU
		{9E959751-9DDE-0C7A-4EC9-A3DFD756029C}.Debug|Any CPU.ActiveCfg = Debug|Any CPU
		{9E959751-9DDE-0C7A-4EC9-A3DFD756029C}.Debug|Any CPU.Build.0 = Debug|Any CPU
		{9E959751-9DDE-0C7A-4EC9-A3DFD756029C}.Release|Any CPU.ActiveCfg = Release|Any CPU
		{9E959751-9DDE-0C7A-4EC9-A3DFD756029C}.Release|Any CPU.Build.0 = Release|Any CPU
		{50C5754D-80F6-19B1-9126-7E9961A9DF4B}.Debug|Any CPU.ActiveCfg = Debug|Any CPU
		{50C5754D-80F6-19B1-9126-7E9961A9DF4B}.Debug|Any CPU.Build.0 = Debug|Any CPU
		{50C5754D-80F6-19B1-9126-7E9961A9DF4B}.Release|Any CPU.ActiveCfg = Release|Any CPU
		{50C5754D-80F6-19B1-9126-7E9961A9DF4B}.Release|Any CPU.Build.0 = Release|Any CPU
		{59085EE1-54CF-6C78-A92B-FCBCEA696602}.Debug|Any CPU.ActiveCfg = Debug|Any CPU
		{59085EE1-54CF-6C78-A92B-FCBCEA696602}.Debug|Any CPU.Build.0 = Debug|Any CPU
		{59085EE1-54CF-6C78-A92B-FCBCEA696602}.Release|Any CPU.ActiveCfg = Release|Any CPU
		{59085EE1-54CF-6C78-A92B-FCBCEA696602}.Release|Any CPU.Build.0 = Release|Any CPU
		{21607A01-AB30-000F-C2BD-666865AE343B}.Debug|Any CPU.ActiveCfg = Debug|Any CPU
		{21607A01-AB30-000F-C2BD-666865AE343B}.Debug|Any CPU.Build.0 = Debug|Any CPU
		{21607A01-AB30-000F-C2BD-666865AE343B}.Release|Any CPU.ActiveCfg = Release|Any CPU
		{21607A01-AB30-000F-C2BD-666865AE343B}.Release|Any CPU.Build.0 = Release|Any CPU
		{F8227202-F1EE-2C25-B1A8-4062FD8156DF}.Debug|Any CPU.ActiveCfg = Debug|Any CPU
		{F8227202-F1EE-2C25-B1A8-4062FD8156DF}.Debug|Any CPU.Build.0 = Debug|Any CPU
		{F8227202-F1EE-2C25-B1A8-4062FD8156DF}.Release|Any CPU.ActiveCfg = Release|Any CPU
		{F8227202-F1EE-2C25-B1A8-4062FD8156DF}.Release|Any CPU.Build.0 = Release|Any CPU
		{9AE4F78A-864B-C853-0A0B-2AEED57CB85F}.Debug|Any CPU.ActiveCfg = Debug|Any CPU
		{9AE4F78A-864B-C853-0A0B-2AEED57CB85F}.Debug|Any CPU.Build.0 = Debug|Any CPU
		{9AE4F78A-864B-C853-0A0B-2AEED57CB85F}.Release|Any CPU.ActiveCfg = Release|Any CPU
		{9AE4F78A-864B-C853-0A0B-2AEED57CB85F}.Release|Any CPU.Build.0 = Release|Any CPU
		{B4258504-E130-9606-98F7-6538F7C4C125}.Debug|Any CPU.ActiveCfg = Debug|Any CPU
		{B4258504-E130-9606-98F7-6538F7C4C125}.Debug|Any CPU.Build.0 = Debug|Any CPU
		{B4258504-E130-9606-98F7-6538F7C4C125}.Release|Any CPU.ActiveCfg = Release|Any CPU
		{B4258504-E130-9606-98F7-6538F7C4C125}.Release|Any CPU.Build.0 = Release|Any CPU
		{B9D83C05-A79D-CAC8-8EF7-13C54A2C5310}.Debug|Any CPU.ActiveCfg = Debug|Any CPU
		{B9D83C05-A79D-CAC8-8EF7-13C54A2C5310}.Debug|Any CPU.Build.0 = Debug|Any CPU
		{B9D83C05-A79D-CAC8-8EF7-13C54A2C5310}.Release|Any CPU.ActiveCfg = Release|Any CPU
		{B9D83C05-A79D-CAC8-8EF7-13C54A2C5310}.Release|Any CPU.Build.0 = Release|Any CPU
		{9EFD44FF-47B7-4A81-9460-DF93EDF88BF2}.Debug|Any CPU.ActiveCfg = Debug|Any CPU
		{9EFD44FF-47B7-4A81-9460-DF93EDF88BF2}.Debug|Any CPU.Build.0 = Debug|Any CPU
		{9EFD44FF-47B7-4A81-9460-DF93EDF88BF2}.Release|Any CPU.ActiveCfg = Release|Any CPU
		{9EFD44FF-47B7-4A81-9460-DF93EDF88BF2}.Release|Any CPU.Build.0 = Release|Any CPU
		{39AE64BF-4073-1E53-B1FF-073D57F52316}.Debug|Any CPU.ActiveCfg = Debug|Any CPU
		{39AE64BF-4073-1E53-B1FF-073D57F52316}.Debug|Any CPU.Build.0 = Debug|Any CPU
		{39AE64BF-4073-1E53-B1FF-073D57F52316}.Release|Any CPU.ActiveCfg = Release|Any CPU
		{39AE64BF-4073-1E53-B1FF-073D57F52316}.Release|Any CPU.Build.0 = Release|Any CPU
		{C8B2BEF9-D150-8B0E-7325-49555C6F99C0}.Debug|Any CPU.ActiveCfg = Debug|Any CPU
		{C8B2BEF9-D150-8B0E-7325-49555C6F99C0}.Debug|Any CPU.Build.0 = Debug|Any CPU
		{C8B2BEF9-D150-8B0E-7325-49555C6F99C0}.Release|Any CPU.ActiveCfg = Release|Any CPU
		{C8B2BEF9-D150-8B0E-7325-49555C6F99C0}.Release|Any CPU.Build.0 = Release|Any CPU
		{82DBB8C5-CB35-2713-4DC3-D402909CF22C}.Debug|Any CPU.ActiveCfg = Debug|Any CPU
		{82DBB8C5-CB35-2713-4DC3-D402909CF22C}.Debug|Any CPU.Build.0 = Debug|Any CPU
		{82DBB8C5-CB35-2713-4DC3-D402909CF22C}.Release|Any CPU.ActiveCfg = Release|Any CPU
		{82DBB8C5-CB35-2713-4DC3-D402909CF22C}.Release|Any CPU.Build.0 = Release|Any CPU
		{C2061D3E-9BE0-239C-BA1E-8DED94C1CB61}.Debug|Any CPU.ActiveCfg = Debug|Any CPU
		{C2061D3E-9BE0-239C-BA1E-8DED94C1CB61}.Debug|Any CPU.Build.0 = Debug|Any CPU
		{C2061D3E-9BE0-239C-BA1E-8DED94C1CB61}.Release|Any CPU.ActiveCfg = Release|Any CPU
		{C2061D3E-9BE0-239C-BA1E-8DED94C1CB61}.Release|Any CPU.Build.0 = Release|Any CPU
		{7B9830DC-5EF4-5F8B-CD52-A20A12C0255F}.Debug|Any CPU.ActiveCfg = Debug|Any CPU
		{7B9830DC-5EF4-5F8B-CD52-A20A12C0255F}.Debug|Any CPU.Build.0 = Debug|Any CPU
		{7B9830DC-5EF4-5F8B-CD52-A20A12C0255F}.Release|Any CPU.ActiveCfg = Release|Any CPU
		{7B9830DC-5EF4-5F8B-CD52-A20A12C0255F}.Release|Any CPU.Build.0 = Release|Any CPU
		{CF729FA6-CA52-5EA7-B3C4-6A47DFC99C71}.Debug|Any CPU.ActiveCfg = Debug|Any CPU
		{CF729FA6-CA52-5EA7-B3C4-6A47DFC99C71}.Debug|Any CPU.Build.0 = Debug|Any CPU
		{CF729FA6-CA52-5EA7-B3C4-6A47DFC99C71}.Release|Any CPU.ActiveCfg = Release|Any CPU
		{CF729FA6-CA52-5EA7-B3C4-6A47DFC99C71}.Release|Any CPU.Build.0 = Release|Any CPU
		{8011A38D-5D07-DA48-B6A0-2835B949DDA4}.Debug|Any CPU.ActiveCfg = Debug|Any CPU
		{8011A38D-5D07-DA48-B6A0-2835B949DDA4}.Debug|Any CPU.Build.0 = Debug|Any CPU
		{8011A38D-5D07-DA48-B6A0-2835B949DDA4}.Release|Any CPU.ActiveCfg = Release|Any CPU
		{8011A38D-5D07-DA48-B6A0-2835B949DDA4}.Release|Any CPU.Build.0 = Release|Any CPU
		{41A4B405-D65E-1B67-ABEC-1EB681D6EDFE}.Debug|Any CPU.ActiveCfg = Debug|Any CPU
		{41A4B405-D65E-1B67-ABEC-1EB681D6EDFE}.Debug|Any CPU.Build.0 = Debug|Any CPU
		{41A4B405-D65E-1B67-ABEC-1EB681D6EDFE}.Release|Any CPU.ActiveCfg = Release|Any CPU
		{41A4B405-D65E-1B67-ABEC-1EB681D6EDFE}.Release|Any CPU.Build.0 = Release|Any CPU
		{07141C80-9EDC-7607-47BE-696F6A5A1DE4}.Debug|Any CPU.ActiveCfg = Debug|Any CPU
		{07141C80-9EDC-7607-47BE-696F6A5A1DE4}.Debug|Any CPU.Build.0 = Debug|Any CPU
		{07141C80-9EDC-7607-47BE-696F6A5A1DE4}.Release|Any CPU.ActiveCfg = Release|Any CPU
		{07141C80-9EDC-7607-47BE-696F6A5A1DE4}.Release|Any CPU.Build.0 = Release|Any CPU
		{45F25996-C7BA-BB5B-D611-16D6155951A9}.Debug|Any CPU.ActiveCfg = Debug|Any CPU
		{45F25996-C7BA-BB5B-D611-16D6155951A9}.Debug|Any CPU.Build.0 = Debug|Any CPU
		{45F25996-C7BA-BB5B-D611-16D6155951A9}.Release|Any CPU.ActiveCfg = Release|Any CPU
		{45F25996-C7BA-BB5B-D611-16D6155951A9}.Release|Any CPU.Build.0 = Release|Any CPU
		{C16D718C-089A-2FF7-FFBE-9520854AB8A5}.Debug|Any CPU.ActiveCfg = Debug|Any CPU
		{C16D718C-089A-2FF7-FFBE-9520854AB8A5}.Debug|Any CPU.Build.0 = Debug|Any CPU
		{C16D718C-089A-2FF7-FFBE-9520854AB8A5}.Release|Any CPU.ActiveCfg = Release|Any CPU
		{C16D718C-089A-2FF7-FFBE-9520854AB8A5}.Release|Any CPU.Build.0 = Release|Any CPU
		{17F37AFD-D410-001C-44EC-B9A254DA8CE0}.Debug|Any CPU.ActiveCfg = Debug|Any CPU
		{17F37AFD-D410-001C-44EC-B9A254DA8CE0}.Debug|Any CPU.Build.0 = Debug|Any CPU
		{17F37AFD-D410-001C-44EC-B9A254DA8CE0}.Release|Any CPU.ActiveCfg = Release|Any CPU
		{17F37AFD-D410-001C-44EC-B9A254DA8CE0}.Release|Any CPU.Build.0 = Release|Any CPU
		{A267DD3D-3283-C816-1FAF-3AFFBB3D0170}.Debug|Any CPU.ActiveCfg = Debug|Any CPU
		{A267DD3D-3283-C816-1FAF-3AFFBB3D0170}.Debug|Any CPU.Build.0 = Debug|Any CPU
		{A267DD3D-3283-C816-1FAF-3AFFBB3D0170}.Release|Any CPU.ActiveCfg = Release|Any CPU
		{A267DD3D-3283-C816-1FAF-3AFFBB3D0170}.Release|Any CPU.Build.0 = Release|Any CPU
		{A433F8EC-1D8F-FC9A-6D52-D3336703184E}.Debug|Any CPU.ActiveCfg = Debug|Any CPU
		{A433F8EC-1D8F-FC9A-6D52-D3336703184E}.Debug|Any CPU.Build.0 = Debug|Any CPU
		{A433F8EC-1D8F-FC9A-6D52-D3336703184E}.Release|Any CPU.ActiveCfg = Release|Any CPU
		{A433F8EC-1D8F-FC9A-6D52-D3336703184E}.Release|Any CPU.Build.0 = Release|Any CPU
		{334C0C63-4449-8065-F2F8-5BDAE070288A}.Debug|Any CPU.ActiveCfg = Debug|Any CPU
		{334C0C63-4449-8065-F2F8-5BDAE070288A}.Debug|Any CPU.Build.0 = Debug|Any CPU
		{334C0C63-4449-8065-F2F8-5BDAE070288A}.Release|Any CPU.ActiveCfg = Release|Any CPU
		{334C0C63-4449-8065-F2F8-5BDAE070288A}.Release|Any CPU.Build.0 = Release|Any CPU
		{AA4ABABB-F954-ABFD-21BF-87FBD8BDC062}.Debug|Any CPU.ActiveCfg = Debug|Any CPU
		{AA4ABABB-F954-ABFD-21BF-87FBD8BDC062}.Debug|Any CPU.Build.0 = Debug|Any CPU
		{AA4ABABB-F954-ABFD-21BF-87FBD8BDC062}.Release|Any CPU.ActiveCfg = Release|Any CPU
		{AA4ABABB-F954-ABFD-21BF-87FBD8BDC062}.Release|Any CPU.Build.0 = Release|Any CPU
		{DA14167B-177F-2B09-3304-64A8D40595DC}.Debug|Any CPU.ActiveCfg = Debug|Any CPU
		{DA14167B-177F-2B09-3304-64A8D40595DC}.Debug|Any CPU.Build.0 = Debug|Any CPU
		{DA14167B-177F-2B09-3304-64A8D40595DC}.Release|Any CPU.ActiveCfg = Release|Any CPU
		{DA14167B-177F-2B09-3304-64A8D40595DC}.Release|Any CPU.Build.0 = Release|Any CPU
		{C19A2425-24F2-9624-F581-7ADB4699B5B9}.Debug|Any CPU.ActiveCfg = Debug|Any CPU
		{C19A2425-24F2-9624-F581-7ADB4699B5B9}.Debug|Any CPU.Build.0 = Debug|Any CPU
		{C19A2425-24F2-9624-F581-7ADB4699B5B9}.Release|Any CPU.ActiveCfg = Release|Any CPU
		{C19A2425-24F2-9624-F581-7ADB4699B5B9}.Release|Any CPU.Build.0 = Release|Any CPU
		{9A8B6D3C-0DEE-C2A7-C1C0-E45AF9928249}.Debug|Any CPU.ActiveCfg = Debug|Any CPU
		{9A8B6D3C-0DEE-C2A7-C1C0-E45AF9928249}.Debug|Any CPU.Build.0 = Debug|Any CPU
		{9A8B6D3C-0DEE-C2A7-C1C0-E45AF9928249}.Release|Any CPU.ActiveCfg = Release|Any CPU
		{9A8B6D3C-0DEE-C2A7-C1C0-E45AF9928249}.Release|Any CPU.Build.0 = Release|Any CPU
		{EE545077-6661-265D-A0F8-D76B619DC82A}.Debug|Any CPU.ActiveCfg = Debug|Any CPU
		{EE545077-6661-265D-A0F8-D76B619DC82A}.Debug|Any CPU.Build.0 = Debug|Any CPU
		{EE545077-6661-265D-A0F8-D76B619DC82A}.Release|Any CPU.ActiveCfg = Release|Any CPU
		{EE545077-6661-265D-A0F8-D76B619DC82A}.Release|Any CPU.Build.0 = Release|Any CPU
		{B8393E49-8DCD-41A8-96D7-B7FC8D7631B4}.Debug|Any CPU.ActiveCfg = Debug|Any CPU
		{B8393E49-8DCD-41A8-96D7-B7FC8D7631B4}.Debug|Any CPU.Build.0 = Debug|Any CPU
		{B8393E49-8DCD-41A8-96D7-B7FC8D7631B4}.Release|Any CPU.ActiveCfg = Release|Any CPU
		{B8393E49-8DCD-41A8-96D7-B7FC8D7631B4}.Release|Any CPU.Build.0 = Release|Any CPU
		{C0E9A2A5-A90D-C791-A189-BE6F5E093BFB}.Debug|Any CPU.ActiveCfg = Debug|Any CPU
		{C0E9A2A5-A90D-C791-A189-BE6F5E093BFB}.Debug|Any CPU.Build.0 = Debug|Any CPU
		{C0E9A2A5-A90D-C791-A189-BE6F5E093BFB}.Release|Any CPU.ActiveCfg = Release|Any CPU
		{C0E9A2A5-A90D-C791-A189-BE6F5E093BFB}.Release|Any CPU.Build.0 = Release|Any CPU
		{7DD626F7-D2FB-D658-5E77-59128B4B073D}.Debug|Any CPU.ActiveCfg = Debug|Any CPU
		{7DD626F7-D2FB-D658-5E77-59128B4B073D}.Debug|Any CPU.Build.0 = Debug|Any CPU
		{7DD626F7-D2FB-D658-5E77-59128B4B073D}.Release|Any CPU.ActiveCfg = Release|Any CPU
		{7DD626F7-D2FB-D658-5E77-59128B4B073D}.Release|Any CPU.Build.0 = Release|Any CPU
		{1B9245C9-43D6-335A-F5B2-FBEB70774DAF}.Debug|Any CPU.ActiveCfg = Debug|Any CPU
		{1B9245C9-43D6-335A-F5B2-FBEB70774DAF}.Debug|Any CPU.Build.0 = Debug|Any CPU
		{1B9245C9-43D6-335A-F5B2-FBEB70774DAF}.Release|Any CPU.ActiveCfg = Release|Any CPU
		{1B9245C9-43D6-335A-F5B2-FBEB70774DAF}.Release|Any CPU.Build.0 = Release|Any CPU
		{FE911806-7D97-BEDC-2ADF-F420E6E332C6}.Debug|Any CPU.ActiveCfg = Debug|Any CPU
		{FE911806-7D97-BEDC-2ADF-F420E6E332C6}.Debug|Any CPU.Build.0 = Debug|Any CPU
		{FE911806-7D97-BEDC-2ADF-F420E6E332C6}.Release|Any CPU.ActiveCfg = Release|Any CPU
		{FE911806-7D97-BEDC-2ADF-F420E6E332C6}.Release|Any CPU.Build.0 = Release|Any CPU
		{CCDD9192-FC57-4300-CF5C-E3118BF49BD7}.Debug|Any CPU.ActiveCfg = Debug|Any CPU
		{CCDD9192-FC57-4300-CF5C-E3118BF49BD7}.Debug|Any CPU.Build.0 = Debug|Any CPU
		{CCDD9192-FC57-4300-CF5C-E3118BF49BD7}.Release|Any CPU.ActiveCfg = Release|Any CPU
		{CCDD9192-FC57-4300-CF5C-E3118BF49BD7}.Release|Any CPU.Build.0 = Release|Any CPU
		{562B50AA-A9D9-8970-3AA9-E89878FFD296}.Debug|Any CPU.ActiveCfg = Debug|Any CPU
		{562B50AA-A9D9-8970-3AA9-E89878FFD296}.Debug|Any CPU.Build.0 = Debug|Any CPU
		{562B50AA-A9D9-8970-3AA9-E89878FFD296}.Release|Any CPU.ActiveCfg = Release|Any CPU
		{562B50AA-A9D9-8970-3AA9-E89878FFD296}.Release|Any CPU.Build.0 = Release|Any CPU
		{F4360BCB-951F-587F-D9D5-9ECAEF36A7BB}.Debug|Any CPU.ActiveCfg = Debug|Any CPU
		{F4360BCB-951F-587F-D9D5-9ECAEF36A7BB}.Debug|Any CPU.Build.0 = Debug|Any CPU
		{F4360BCB-951F-587F-D9D5-9ECAEF36A7BB}.Release|Any CPU.ActiveCfg = Release|Any CPU
		{F4360BCB-951F-587F-D9D5-9ECAEF36A7BB}.Release|Any CPU.Build.0 = Release|Any CPU
		{1F540731-AE1A-B6FA-EAE3-E587EF14E1AE}.Debug|Any CPU.ActiveCfg = Debug|Any CPU
		{1F540731-AE1A-B6FA-EAE3-E587EF14E1AE}.Debug|Any CPU.Build.0 = Debug|Any CPU
		{1F540731-AE1A-B6FA-EAE3-E587EF14E1AE}.Release|Any CPU.ActiveCfg = Release|Any CPU
		{1F540731-AE1A-B6FA-EAE3-E587EF14E1AE}.Release|Any CPU.Build.0 = Release|Any CPU
		{D72228AB-5A77-CCCB-317E-15CA220B8A9C}.Debug|Any CPU.ActiveCfg = Debug|Any CPU
		{D72228AB-5A77-CCCB-317E-15CA220B8A9C}.Debug|Any CPU.Build.0 = Debug|Any CPU
		{D72228AB-5A77-CCCB-317E-15CA220B8A9C}.Release|Any CPU.ActiveCfg = Release|Any CPU
		{D72228AB-5A77-CCCB-317E-15CA220B8A9C}.Release|Any CPU.Build.0 = Release|Any CPU
		{3D64167B-DFAD-4A00-E266-0156A79C2039}.Debug|Any CPU.ActiveCfg = Debug|Any CPU
		{3D64167B-DFAD-4A00-E266-0156A79C2039}.Debug|Any CPU.Build.0 = Debug|Any CPU
		{3D64167B-DFAD-4A00-E266-0156A79C2039}.Release|Any CPU.ActiveCfg = Release|Any CPU
		{3D64167B-DFAD-4A00-E266-0156A79C2039}.Release|Any CPU.Build.0 = Release|Any CPU
		{8DC7F6B0-A76D-D5AB-17E6-88A14C218DE2}.Debug|Any CPU.ActiveCfg = Debug|Any CPU
		{8DC7F6B0-A76D-D5AB-17E6-88A14C218DE2}.Debug|Any CPU.Build.0 = Debug|Any CPU
		{8DC7F6B0-A76D-D5AB-17E6-88A14C218DE2}.Release|Any CPU.ActiveCfg = Release|Any CPU
		{8DC7F6B0-A76D-D5AB-17E6-88A14C218DE2}.Release|Any CPU.Build.0 = Release|Any CPU
		{2DB4BC6D-2554-E0E0-722E-07C0819A764E}.Debug|Any CPU.ActiveCfg = Debug|Any CPU
		{2DB4BC6D-2554-E0E0-722E-07C0819A764E}.Debug|Any CPU.Build.0 = Debug|Any CPU
		{2DB4BC6D-2554-E0E0-722E-07C0819A764E}.Release|Any CPU.ActiveCfg = Release|Any CPU
		{2DB4BC6D-2554-E0E0-722E-07C0819A764E}.Release|Any CPU.Build.0 = Release|Any CPU
		{A4138261-B533-59E7-8099-B6D657651A3C}.Debug|Any CPU.ActiveCfg = Debug|Any CPU
		{A4138261-B533-59E7-8099-B6D657651A3C}.Debug|Any CPU.Build.0 = Debug|Any CPU
		{A4138261-B533-59E7-8099-B6D657651A3C}.Release|Any CPU.ActiveCfg = Release|Any CPU
		{A4138261-B533-59E7-8099-B6D657651A3C}.Release|Any CPU.Build.0 = Release|Any CPU
		{9397041C-68EB-C81B-1672-D8328B586B3B}.Debug|Any CPU.ActiveCfg = Debug|Any CPU
		{9397041C-68EB-C81B-1672-D8328B586B3B}.Debug|Any CPU.Build.0 = Debug|Any CPU
		{9397041C-68EB-C81B-1672-D8328B586B3B}.Release|Any CPU.ActiveCfg = Release|Any CPU
		{9397041C-68EB-C81B-1672-D8328B586B3B}.Release|Any CPU.Build.0 = Release|Any CPU
		{52BFE7D1-2BB0-FF2F-BEFC-5CBFEB51A1C5}.Debug|Any CPU.ActiveCfg = Debug|Any CPU
		{52BFE7D1-2BB0-FF2F-BEFC-5CBFEB51A1C5}.Debug|Any CPU.Build.0 = Debug|Any CPU
		{52BFE7D1-2BB0-FF2F-BEFC-5CBFEB51A1C5}.Release|Any CPU.ActiveCfg = Release|Any CPU
		{52BFE7D1-2BB0-FF2F-BEFC-5CBFEB51A1C5}.Release|Any CPU.Build.0 = Release|Any CPU
		{58B5D30C-CC3C-2DF0-26CD-9F0CF4512DE9}.Debug|Any CPU.ActiveCfg = Debug|Any CPU
		{58B5D30C-CC3C-2DF0-26CD-9F0CF4512DE9}.Debug|Any CPU.Build.0 = Debug|Any CPU
		{58B5D30C-CC3C-2DF0-26CD-9F0CF4512DE9}.Release|Any CPU.ActiveCfg = Release|Any CPU
		{58B5D30C-CC3C-2DF0-26CD-9F0CF4512DE9}.Release|Any CPU.Build.0 = Release|Any CPU
		{ACF83436-2B11-C7B2-48B9-42F125D2C56E}.Debug|Any CPU.ActiveCfg = Debug|Any CPU
		{ACF83436-2B11-C7B2-48B9-42F125D2C56E}.Debug|Any CPU.Build.0 = Debug|Any CPU
		{ACF83436-2B11-C7B2-48B9-42F125D2C56E}.Release|Any CPU.ActiveCfg = Release|Any CPU
		{ACF83436-2B11-C7B2-48B9-42F125D2C56E}.Release|Any CPU.Build.0 = Release|Any CPU
		{9A945108-553B-DC77-8A95-36C8CD81AE9E}.Debug|Any CPU.ActiveCfg = Debug|Any CPU
		{9A945108-553B-DC77-8A95-36C8CD81AE9E}.Debug|Any CPU.Build.0 = Debug|Any CPU
		{9A945108-553B-DC77-8A95-36C8CD81AE9E}.Release|Any CPU.ActiveCfg = Release|Any CPU
		{9A945108-553B-DC77-8A95-36C8CD81AE9E}.Release|Any CPU.Build.0 = Release|Any CPU
		{C0DAD795-8178-617B-9C9C-0B346C898CCC}.Debug|Any CPU.ActiveCfg = Debug|Any CPU
		{C0DAD795-8178-617B-9C9C-0B346C898CCC}.Debug|Any CPU.Build.0 = Debug|Any CPU
		{C0DAD795-8178-617B-9C9C-0B346C898CCC}.Release|Any CPU.ActiveCfg = Release|Any CPU
		{C0DAD795-8178-617B-9C9C-0B346C898CCC}.Release|Any CPU.Build.0 = Release|Any CPU
		{44E49F01-8FEB-FBB9-4FA5-1BB98BB65C73}.Debug|Any CPU.ActiveCfg = Debug|Any CPU
		{44E49F01-8FEB-FBB9-4FA5-1BB98BB65C73}.Debug|Any CPU.Build.0 = Debug|Any CPU
		{44E49F01-8FEB-FBB9-4FA5-1BB98BB65C73}.Release|Any CPU.ActiveCfg = Release|Any CPU
		{44E49F01-8FEB-FBB9-4FA5-1BB98BB65C73}.Release|Any CPU.Build.0 = Release|Any CPU
		{1A2AFA40-2DF7-1832-7646-9EF3981005D9}.Debug|Any CPU.ActiveCfg = Debug|Any CPU
		{1A2AFA40-2DF7-1832-7646-9EF3981005D9}.Debug|Any CPU.Build.0 = Debug|Any CPU
		{1A2AFA40-2DF7-1832-7646-9EF3981005D9}.Release|Any CPU.ActiveCfg = Release|Any CPU
		{1A2AFA40-2DF7-1832-7646-9EF3981005D9}.Release|Any CPU.Build.0 = Release|Any CPU
		{8680C965-1D33-7A01-D2F7-321F39DD15EF}.Debug|Any CPU.ActiveCfg = Debug|Any CPU
		{8680C965-1D33-7A01-D2F7-321F39DD15EF}.Debug|Any CPU.Build.0 = Debug|Any CPU
		{8680C965-1D33-7A01-D2F7-321F39DD15EF}.Release|Any CPU.ActiveCfg = Release|Any CPU
		{8680C965-1D33-7A01-D2F7-321F39DD15EF}.Release|Any CPU.Build.0 = Release|Any CPU
		{C585C7B0-DF83-AB47-1C37-3360DB322BA6}.Debug|Any CPU.ActiveCfg = Debug|Any CPU
		{C585C7B0-DF83-AB47-1C37-3360DB322BA6}.Debug|Any CPU.Build.0 = Debug|Any CPU
		{C585C7B0-DF83-AB47-1C37-3360DB322BA6}.Release|Any CPU.ActiveCfg = Release|Any CPU
		{C585C7B0-DF83-AB47-1C37-3360DB322BA6}.Release|Any CPU.Build.0 = Release|Any CPU
		{2EE23DED-321D-0951-0EBA-F4578695D7AC}.Debug|Any CPU.ActiveCfg = Debug|Any CPU
		{2EE23DED-321D-0951-0EBA-F4578695D7AC}.Debug|Any CPU.Build.0 = Debug|Any CPU
		{2EE23DED-321D-0951-0EBA-F4578695D7AC}.Release|Any CPU.ActiveCfg = Release|Any CPU
		{2EE23DED-321D-0951-0EBA-F4578695D7AC}.Release|Any CPU.Build.0 = Release|Any CPU
		{8246A5B7-9EAE-9A23-4942-63469FC95519}.Debug|Any CPU.ActiveCfg = Debug|Any CPU
		{8246A5B7-9EAE-9A23-4942-63469FC95519}.Debug|Any CPU.Build.0 = Debug|Any CPU
		{8246A5B7-9EAE-9A23-4942-63469FC95519}.Release|Any CPU.ActiveCfg = Release|Any CPU
		{8246A5B7-9EAE-9A23-4942-63469FC95519}.Release|Any CPU.Build.0 = Release|Any CPU
		{92E0D2EC-067B-03AA-337B-1C7B5DBFCFD3}.Debug|Any CPU.ActiveCfg = Debug|Any CPU
		{92E0D2EC-067B-03AA-337B-1C7B5DBFCFD3}.Debug|Any CPU.Build.0 = Debug|Any CPU
		{92E0D2EC-067B-03AA-337B-1C7B5DBFCFD3}.Release|Any CPU.ActiveCfg = Release|Any CPU
		{92E0D2EC-067B-03AA-337B-1C7B5DBFCFD3}.Release|Any CPU.Build.0 = Release|Any CPU
		{A936BE1C-2F02-7CF7-06E2-367547D89818}.Debug|Any CPU.ActiveCfg = Debug|Any CPU
		{A936BE1C-2F02-7CF7-06E2-367547D89818}.Debug|Any CPU.Build.0 = Debug|Any CPU
		{A936BE1C-2F02-7CF7-06E2-367547D89818}.Release|Any CPU.ActiveCfg = Release|Any CPU
		{A936BE1C-2F02-7CF7-06E2-367547D89818}.Release|Any CPU.Build.0 = Release|Any CPU
		{BF944A95-94B4-8D1B-157B-4511FFEF0863}.Debug|Any CPU.ActiveCfg = Debug|Any CPU
		{BF944A95-94B4-8D1B-157B-4511FFEF0863}.Debug|Any CPU.Build.0 = Debug|Any CPU
		{BF944A95-94B4-8D1B-157B-4511FFEF0863}.Release|Any CPU.ActiveCfg = Release|Any CPU
		{BF944A95-94B4-8D1B-157B-4511FFEF0863}.Release|Any CPU.Build.0 = Release|Any CPU
		{07F52AD1-DE57-AF04-9A87-D1A776FCF4B0}.Debug|Any CPU.ActiveCfg = Debug|Any CPU
		{07F52AD1-DE57-AF04-9A87-D1A776FCF4B0}.Debug|Any CPU.Build.0 = Debug|Any CPU
		{07F52AD1-DE57-AF04-9A87-D1A776FCF4B0}.Release|Any CPU.ActiveCfg = Release|Any CPU
		{07F52AD1-DE57-AF04-9A87-D1A776FCF4B0}.Release|Any CPU.Build.0 = Release|Any CPU
		{3A282D2B-EA62-E203-AE8D-A5A653DBA205}.Debug|Any CPU.ActiveCfg = Debug|Any CPU
		{3A282D2B-EA62-E203-AE8D-A5A653DBA205}.Debug|Any CPU.Build.0 = Debug|Any CPU
		{3A282D2B-EA62-E203-AE8D-A5A653DBA205}.Release|Any CPU.ActiveCfg = Release|Any CPU
		{3A282D2B-EA62-E203-AE8D-A5A653DBA205}.Release|Any CPU.Build.0 = Release|Any CPU
	EndGlobalSection
	GlobalSection(SolutionProperties) = preSolution
		HideSolutionNode = FALSE
	EndGlobalSection
EndGlobal
